
Microsoft Visual Studio Solution File, Format Version 12.00
# Visual Studio Version 17
VisualStudioVersion = 17.5.33530.505
MinimumVisualStudioVersion = 10.0.40219.1
Project("{9A19103F-16F7-4668-BE54-9A1E7A4F7556}") = "Personality", "Personality\Personality.csproj", "{971E3B65-16FD-44ED-AD7C-2AD0506B8454}"
EndProject
Project("{FAE04EC0-301F-11D3-BF4B-00C04F79EFBC}") = "Personality.Test", "Personality.Test\Personality.Test.csproj", "{F17B7B47-2951-462A-B706-6AF9DA5C56D8}"
EndProject
Project("{FAE04EC0-301F-11D3-BF4B-00C04F79EFBC}") = "Personality.Model", "Personality.Model\Personality.Model.csproj", "{7E4F6AA1-88A8-4E67-A80D-B02AB265382A}"
EndProject
Global
	GlobalSection(SolutionConfigurationPlatforms) = preSolution
		Debug|Any CPU = Debug|Any CPU
		Release|Any CPU = Release|Any CPU
	EndGlobalSection
	GlobalSection(ProjectConfigurationPlatforms) = postSolution
		{971E3B65-16FD-44ED-AD7C-2AD0506B8454}.Debug|Any CPU.ActiveCfg = Debug|Any CPU
		{971E3B65-16FD-44ED-AD7C-2AD0506B8454}.Debug|Any CPU.Build.0 = Debug|Any CPU
		{971E3B65-16FD-44ED-AD7C-2AD0506B8454}.Release|Any CPU.ActiveCfg = Release|Any CPU
		{971E3B65-16FD-44ED-AD7C-2AD0506B8454}.Release|Any CPU.Build.0 = Release|Any CPU
		{F17B7B47-2951-462A-B706-6AF9DA5C56D8}.Debug|Any CPU.ActiveCfg = Debug|Any CPU
		{F17B7B47-2951-462A-B706-6AF9DA5C56D8}.Debug|Any CPU.Build.0 = Debug|Any CPU
		{F17B7B47-2951-462A-B706-6AF9DA5C56D8}.Release|Any CPU.ActiveCfg = Release|Any CPU
		{F17B7B47-2951-462A-B706-6AF9DA5C56D8}.Release|Any CPU.Build.0 = Release|Any CPU
		{7E4F6AA1-88A8-4E67-A80D-B02AB265382A}.Debug|Any CPU.ActiveCfg = Debug|Any CPU
		{7E4F6AA1-88A8-4E67-A80D-B02AB265382A}.Debug|Any CPU.Build.0 = Debug|Any CPU
		{7E4F6AA1-88A8-4E67-A80D-B02AB265382A}.Release|Any CPU.ActiveCfg = Release|Any CPU
		{7E4F6AA1-88A8-4E67-A80D-B02AB265382A}.Release|Any CPU.Build.0 = Release|Any CPU
	EndGlobalSection
	GlobalSection(SolutionProperties) = preSolution
		HideSolutionNode = FALSE
	EndGlobalSection
	GlobalSection(ExtensibilityGlobals) = postSolution
		SolutionGuid = {689BF76E-97B7-422A-9066-6D2C97DC501D}
	EndGlobalSection
EndGlobal
